
Microsoft Visual Studio Solution File, Format Version 12.00
# Visual Studio Version 17
VisualStudioVersion = 17.9.34728.123
MinimumVisualStudioVersion = 10.0.40219.1
Project("{FAE04EC0-301F-11D3-BF4B-00C04F79EFBC}") = "MusicPlay", "MusicPlay\MusicPlay.csproj", "{48BDC6E2-7D10-4466-AEBE-9B5A12D31939}"
EndProject
Global
	GlobalSection(SolutionConfigurationPlatforms) = preSolution
		Debug|Any CPU = Debug|Any CPU
		Release|Any CPU = Release|Any CPU
	EndGlobalSection
	GlobalSection(ProjectConfigurationPlatforms) = postSolution
		{48BDC6E2-7D10-4466-AEBE-9B5A12D31939}.Debug|Any CPU.ActiveCfg = Debug|Any CPU
		{48BDC6E2-7D10-4466-AEBE-9B5A12D31939}.Debug|Any CPU.Build.0 = Debug|Any CPU
		{48BDC6E2-7D10-4466-AEBE-9B5A12D31939}.Release|Any CPU.ActiveCfg = Release|Any CPU
		{48BDC6E2-7D10-4466-AEBE-9B5A12D31939}.Release|Any CPU.Build.0 = Release|Any CPU
	EndGlobalSection
	GlobalSection(SolutionProperties) = preSolution
		HideSolutionNode = FALSE
	EndGlobalSection
	GlobalSection(ExtensibilityGlobals) = postSolution
		SolutionGuid = {B858D3BE-3717-4BE8-8F44-5E1CC5BF20C5}
	EndGlobalSection
EndGlobal
